// !$*UTF8*$!
{
	archiveVersion = 1;
	classes = {
	};
	objectVersion = 46;
	objects = {

/* Begin PBXBuildFile section */
		B522ABAB1B08B5FD0002597A /* CoreLocation.framework in Frameworks */ = {isa = PBXBuildFile; fileRef = B522ABAA1B08B5FD0002597A /* CoreLocation.framework */; };
		B522ABAD1B08B6060002597A /* CoreBluetooth.framework in Frameworks */ = {isa = PBXBuildFile; fileRef = B522ABAC1B08B6060002597A /* CoreBluetooth.framework */; };
		B522ABAF1B08B6100002597A /* CoreGraphics.framework in Frameworks */ = {isa = PBXBuildFile; fileRef = B522ABAE1B08B6100002597A /* CoreGraphics.framework */; };
		B522ABB11B08B6190002597A /* UIKit.framework in Frameworks */ = {isa = PBXBuildFile; fileRef = B522ABB01B08B6190002597A /* UIKit.framework */; };
		B522ABB31B08B6200002597A /* Foundation.framework in Frameworks */ = {isa = PBXBuildFile; fileRef = B522ABB21B08B6200002597A /* Foundation.framework */; };
		B56BBA841B08144E00E4572E /* main.m in Sources */ = {isa = PBXBuildFile; fileRef = B56BBA831B08144E00E4572E /* main.m */; };
		B56BBA871B08144E00E4572E /* AppDelegate.m in Sources */ = {isa = PBXBuildFile; fileRef = B56BBA861B08144E00E4572E /* AppDelegate.m */; };
		B56BBA8A1B08144E00E4572E /* infs3202Example1.xcdatamodeld in Sources */ = {isa = PBXBuildFile; fileRef = B56BBA881B08144E00E4572E /* infs3202Example1.xcdatamodeld */; };
		B56BBA8D1B08144E00E4572E /* ViewController.m in Sources */ = {isa = PBXBuildFile; fileRef = B56BBA8C1B08144E00E4572E /* ViewController.m */; };
		B56BBA901B08144E00E4572E /* Main.storyboard in Resources */ = {isa = PBXBuildFile; fileRef = B56BBA8E1B08144E00E4572E /* Main.storyboard */; };
		B56BBA921B08144E00E4572E /* Images.xcassets in Resources */ = {isa = PBXBuildFile; fileRef = B56BBA911B08144E00E4572E /* Images.xcassets */; };
		B56BBA951B08144E00E4572E /* LaunchScreen.xib in Resources */ = {isa = PBXBuildFile; fileRef = B56BBA931B08144E00E4572E /* LaunchScreen.xib */; };
		B56BBAA11B08144E00E4572E /* infs3202Example1Tests.m in Sources */ = {isa = PBXBuildFile; fileRef = B56BBAA01B08144E00E4572E /* infs3202Example1Tests.m */; };
/* End PBXBuildFile section */

/* Begin PBXContainerItemProxy section */
		B56BBA9B1B08144E00E4572E /* PBXContainerItemProxy */ = {
			isa = PBXContainerItemProxy;
			containerPortal = B56BBA761B08144D00E4572E /* Project object */;
			proxyType = 1;
			remoteGlobalIDString = B56BBA7D1B08144D00E4572E;
			remoteInfo = infs3202Example1;
		};
/* End PBXContainerItemProxy section */

/* Begin PBXFileReference section */
		B522ABAA1B08B5FD0002597A /* CoreLocation.framework */ = {isa = PBXFileReference; lastKnownFileType = wrapper.framework; name = CoreLocation.framework; path = System/Library/Frameworks/CoreLocation.framework; sourceTree = SDKROOT; };
		B522ABAC1B08B6060002597A /* CoreBluetooth.framework */ = {isa = PBXFileReference; lastKnownFileType = wrapper.framework; name = CoreBluetooth.framework; path = System/Library/Frameworks/CoreBluetooth.framework; sourceTree = SDKROOT; };
		B522ABAE1B08B6100002597A /* CoreGraphics.framework */ = {isa = PBXFileReference; lastKnownFileType = wrapper.framework; name = CoreGraphics.framework; path = System/Library/Frameworks/CoreGraphics.framework; sourceTree = SDKROOT; };
		B522ABB01B08B6190002597A /* UIKit.framework */ = {isa = PBXFileReference; lastKnownFileType = wrapper.framework; name = UIKit.framework; path = System/Library/Frameworks/UIKit.framework; sourceTree = SDKROOT; };
		B522ABB21B08B6200002597A /* Foundation.framework */ = {isa = PBXFileReference; lastKnownFileType = wrapper.framework; name = Foundation.framework; path = System/Library/Frameworks/Foundation.framework; sourceTree = SDKROOT; };
		B56BBA7E1B08144D00E4572E /* infs3202Example1.app */ = {isa = PBXFileReference; explicitFileType = wrapper.application; includeInIndex = 0; path = infs3202Example1.app; sourceTree = BUILT_PRODUCTS_DIR; };
		B56BBA821B08144D00E4572E /* Info.plist */ = {isa = PBXFileReference; lastKnownFileType = text.plist.xml; path = Info.plist; sourceTree = "<group>"; };
		B56BBA831B08144E00E4572E /* main.m */ = {isa = PBXFileReference; lastKnownFileType = sourcecode.c.objc; path = main.m; sourceTree = "<group>"; };
		B56BBA851B08144E00E4572E /* AppDelegate.h */ = {isa = PBXFileReference; lastKnownFileType = sourcecode.c.h; path = AppDelegate.h; sourceTree = "<group>"; };
		B56BBA861B08144E00E4572E /* AppDelegate.m */ = {isa = PBXFileReference; lastKnownFileType = sourcecode.c.objc; path = AppDelegate.m; sourceTree = "<group>"; };
		B56BBA891B08144E00E4572E /* infs3202Example1.xcdatamodel */ = {isa = PBXFileReference; lastKnownFileType = wrapper.xcdatamodel; path = infs3202Example1.xcdatamodel; sourceTree = "<group>"; };
		B56BBA8B1B08144E00E4572E /* ViewController.h */ = {isa = PBXFileReference; lastKnownFileType = sourcecode.c.h; path = ViewController.h; sourceTree = "<group>"; };
		B56BBA8C1B08144E00E4572E /* ViewController.m */ = {isa = PBXFileReference; lastKnownFileType = sourcecode.c.objc; path = ViewController.m; sourceTree = "<group>"; };
		B56BBA8F1B08144E00E4572E /* Base */ = {isa = PBXFileReference; lastKnownFileType = file.storyboard; name = Base; path = Base.lproj/Main.storyboard; sourceTree = "<group>"; };
		B56BBA911B08144E00E4572E /* Images.xcassets */ = {isa = PBXFileReference; lastKnownFileType = folder.assetcatalog; path = Images.xcassets; sourceTree = "<group>"; };
		B56BBA941B08144E00E4572E /* Base */ = {isa = PBXFileReference; lastKnownFileType = file.xib; name = Base; path = Base.lproj/LaunchScreen.xib; sourceTree = "<group>"; };
		B56BBA9A1B08144E00E4572E /* infs3202Example1Tests.xctest */ = {isa = PBXFileReference; explicitFileType = wrapper.cfbundle; includeInIndex = 0; path = infs3202Example1Tests.xctest; sourceTree = BUILT_PRODUCTS_DIR; };
		B56BBA9F1B08144E00E4572E /* Info.plist */ = {isa = PBXFileReference; lastKnownFileType = text.plist.xml; path = Info.plist; sourceTree = "<group>"; };
		B56BBAA01B08144E00E4572E /* infs3202Example1Tests.m */ = {isa = PBXFileReference; lastKnownFileType = sourcecode.c.objc; path = infs3202Example1Tests.m; sourceTree = "<group>"; };
/* End PBXFileReference section */

/* Begin PBXFrameworksBuildPhase section */
		B56BBA7B1B08144D00E4572E /* Frameworks */ = {
			isa = PBXFrameworksBuildPhase;
			buildActionMask = 2147483647;
			files = (
				B522ABB31B08B6200002597A /* Foundation.framework in Frameworks */,
				B522ABB11B08B6190002597A /* UIKit.framework in Frameworks */,
				B522ABAF1B08B6100002597A /* CoreGraphics.framework in Frameworks */,
				B522ABAD1B08B6060002597A /* CoreBluetooth.framework in Frameworks */,
				B522ABAB1B08B5FD0002597A /* CoreLocation.framework in Frameworks */,
			);
			runOnlyForDeploymentPostprocessing = 0;
		};
		B56BBA971B08144E00E4572E /* Frameworks */ = {
			isa = PBXFrameworksBuildPhase;
			buildActionMask = 2147483647;
			files = (
			);
			runOnlyForDeploymentPostprocessing = 0;
		};
/* End PBXFrameworksBuildPhase section */

/* Begin PBXGroup section */
		B56BBA751B08144D00E4572E = {
			isa = PBXGroup;
			children = (
				B522ABB21B08B6200002597A /* Foundation.framework */,
				B522ABB01B08B6190002597A /* UIKit.framework */,
				B522ABAE1B08B6100002597A /* CoreGraphics.framework */,
				B522ABAC1B08B6060002597A /* CoreBluetooth.framework */,
				B522ABAA1B08B5FD0002597A /* CoreLocation.framework */,
				B56BBA801B08144D00E4572E /* infs3202Example1 */,
				B56BBA9D1B08144E00E4572E /* infs3202Example1Tests */,
				B56BBA7F1B08144D00E4572E /* Products */,
			);
			sourceTree = "<group>";
		};
		B56BBA7F1B08144D00E4572E /* Products */ = {
			isa = PBXGroup;
			children = (
				B56BBA7E1B08144D00E4572E /* infs3202Example1.app */,
				B56BBA9A1B08144E00E4572E /* infs3202Example1Tests.xctest */,
			);
			name = Products;
			sourceTree = "<group>";
		};
		B56BBA801B08144D00E4572E /* infs3202Example1 */ = {
			isa = PBXGroup;
			children = (
				B56BBA851B08144E00E4572E /* AppDelegate.h */,
				B56BBA861B08144E00E4572E /* AppDelegate.m */,
				B56BBA8B1B08144E00E4572E /* ViewController.h */,
				B56BBA8C1B08144E00E4572E /* ViewController.m */,
				B56BBA8E1B08144E00E4572E /* Main.storyboard */,
				B56BBA911B08144E00E4572E /* Images.xcassets */,
				B56BBA931B08144E00E4572E /* LaunchScreen.xib */,
				B56BBA881B08144E00E4572E /* infs3202Example1.xcdatamodeld */,
				B56BBA811B08144D00E4572E /* Supporting Files */,
			);
			path = infs3202Example1;
			sourceTree = "<group>";
		};
		B56BBA811B08144D00E4572E /* Supporting Files */ = {
			isa = PBXGroup;
			children = (
				B56BBA821B08144D00E4572E /* Info.plist */,
				B56BBA831B08144E00E4572E /* main.m */,
			);
			name = "Supporting Files";
			sourceTree = "<group>";
		};
		B56BBA9D1B08144E00E4572E /* infs3202Example1Tests */ = {
			isa = PBXGroup;
			children = (
				B56BBAA01B08144E00E4572E /* infs3202Example1Tests.m */,
				B56BBA9E1B08144E00E4572E /* Supporting Files */,
			);
			path = infs3202Example1Tests;
			sourceTree = "<group>";
		};
		B56BBA9E1B08144E00E4572E /* Supporting Files */ = {
			isa = PBXGroup;
			children = (
				B56BBA9F1B08144E00E4572E /* Info.plist */,
			);
			name = "Supporting Files";
			sourceTree = "<group>";
		};
/* End PBXGroup section */

/* Begin PBXNativeTarget section */
		B56BBA7D1B08144D00E4572E /* infs3202Example1 */ = {
			isa = PBXNativeTarget;
			buildConfigurationList = B56BBAA41B08144E00E4572E /* Build configuration list for PBXNativeTarget "infs3202Example1" */;
			buildPhases = (
				B56BBA7A1B08144D00E4572E /* Sources */,
				B56BBA7B1B08144D00E4572E /* Frameworks */,
				B56BBA7C1B08144D00E4572E /* Resources */,
			);
			buildRules = (
			);
			dependencies = (
			);
			name = infs3202Example1;
			productName = infs3202Example1;
			productReference = B56BBA7E1B08144D00E4572E /* infs3202Example1.app */;
			productType = "com.apple.product-type.application";
		};
		B56BBA991B08144E00E4572E /* infs3202Example1Tests */ = {
			isa = PBXNativeTarget;
			buildConfigurationList = B56BBAA71B08144E00E4572E /* Build configuration list for PBXNativeTarget "infs3202Example1Tests" */;
			buildPhases = (
				B56BBA961B08144E00E4572E /* Sources */,
				B56BBA971B08144E00E4572E /* Frameworks */,
				B56BBA981B08144E00E4572E /* Resources */,
			);
			buildRules = (
			);
			dependencies = (
				B56BBA9C1B08144E00E4572E /* PBXTargetDependency */,
			);
			name = infs3202Example1Tests;
			productName = infs3202Example1Tests;
			productReference = B56BBA9A1B08144E00E4572E /* infs3202Example1Tests.xctest */;
			productType = "com.apple.product-type.bundle.unit-test";
		};
/* End PBXNativeTarget section */

/* Begin PBXProject section */
		B56BBA761B08144D00E4572E /* Project object */ = {
			isa = PBXProject;
			attributes = {
				LastUpgradeCheck = 0630;
				ORGANIZATIONNAME = "Ben Liu";
				TargetAttributes = {
					B56BBA7D1B08144D00E4572E = {
						CreatedOnToolsVersion = 6.3.1;
					};
					B56BBA991B08144E00E4572E = {
						CreatedOnToolsVersion = 6.3.1;
						TestTargetID = B56BBA7D1B08144D00E4572E;
					};
				};
			};
			buildConfigurationList = B56BBA791B08144D00E4572E /* Build configuration list for PBXProject "infs3202Example1" */;
			compatibilityVersion = "Xcode 3.2";
			developmentRegion = English;
			hasScannedForEncodings = 0;
			knownRegions = (
				en,
				Base,
			);
			mainGroup = B56BBA751B08144D00E4572E;
			productRefGroup = B56BBA7F1B08144D00E4572E /* Products */;
			projectDirPath = "";
			projectRoot = "";
			targets = (
				B56BBA7D1B08144D00E4572E /* infs3202Example1 */,
				B56BBA991B08144E00E4572E /* infs3202Example1Tests */,
			);
		};
/* End PBXProject section */

/* Begin PBXResourcesBuildPhase section */
		B56BBA7C1B08144D00E4572E /* Resources */ = {
			isa = PBXResourcesBuildPhase;
			buildActionMask = 2147483647;
			files = (
				B56BBA901B08144E00E4572E /* Main.storyboard in Resources */,
				B56BBA951B08144E00E4572E /* LaunchScreen.xib in Resources */,
				B56BBA921B08144E00E4572E /* Images.xcassets in Resources */,
			);
			runOnlyForDeploymentPostprocessing = 0;
		};
		B56BBA981B08144E00E4572E /* Resources */ = {
			isa = PBXResourcesBuildPhase;
			buildActionMask = 2147483647;
			files = (
			);
			runOnlyForDeploymentPostprocessing = 0;
		};
/* End PBXResourcesBuildPhase section */

/* Begin PBXSourcesBuildPhase section */
		B56BBA7A1B08144D00E4572E /* Sources */ = {
			isa = PBXSourcesBuildPhase;
			buildActionMask = 2147483647;
			files = (
				B56BBA871B08144E00E4572E /* AppDelegate.m in Sources */,
				B56BBA8A1B08144E00E4572E /* infs3202Example1.xcdatamodeld in Sources */,
				B56BBA8D1B08144E00E4572E /* ViewController.m in Sources */,
				B56BBA841B08144E00E4572E /* main.m in Sources */,
			);
			runOnlyForDeploymentPostprocessing = 0;
		};
		B56BBA961B08144E00E4572E /* Sources */ = {
			isa = PBXSourcesBuildPhase;
			buildActionMask = 2147483647;
			files = (
				B56BBAA11B08144E00E4572E /* infs3202Example1Tests.m in Sources */,
			);
			runOnlyForDeploymentPostprocessing = 0;
		};
/* End PBXSourcesBuildPhase section */

/* Begin PBXTargetDependency section */
		B56BBA9C1B08144E00E4572E /* PBXTargetDependency */ = {
			isa = PBXTargetDependency;
			target = B56BBA7D1B08144D00E4572E /* infs3202Example1 */;
			targetProxy = B56BBA9B1B08144E00E4572E /* PBXContainerItemProxy */;
		};
/* End PBXTargetDependency section */

/* Begin PBXVariantGroup section */
		B56BBA8E1B08144E00E4572E /* Main.storyboard */ = {
			isa = PBXVariantGroup;
			children = (
				B56BBA8F1B08144E00E4572E /* Base */,
			);
			name = Main.storyboard;
			sourceTree = "<group>";
		};
		B56BBA931B08144E00E4572E /* LaunchScreen.xib */ = {
			isa = PBXVariantGroup;
			children = (
				B56BBA941B08144E00E4572E /* Base */,
			);
			name = LaunchScreen.xib;
			sourceTree = "<group>";
		};
/* End PBXVariantGroup section */

/* Begin XCBuildConfiguration section */
		B56BBAA21B08144E00E4572E /* Debug */ = {
			isa = XCBuildConfiguration;
			buildSettings = {
				ALWAYS_SEARCH_USER_PATHS = NO;
				CLANG_CXX_LANGUAGE_STANDARD = "gnu++0x";
				CLANG_CXX_LIBRARY = "libc++";
				CLANG_ENABLE_MODULES = YES;
				CLANG_ENABLE_OBJC_ARC = YES;
				CLANG_WARN_BOOL_CONVERSION = YES;
				CLANG_WARN_CONSTANT_CONVERSION = YES;
				CLANG_WARN_DIRECT_OBJC_ISA_USAGE = YES_ERROR;
				CLANG_WARN_EMPTY_BODY = YES;
				CLANG_WARN_ENUM_CONVERSION = YES;
				CLANG_WARN_INT_CONVERSION = YES;
				CLANG_WARN_OBJC_ROOT_CLASS = YES_ERROR;
				CLANG_WARN_UNREACHABLE_CODE = YES;
				CLANG_WARN__DUPLICATE_METHOD_MATCH = YES;
				"CODE_SIGN_IDENTITY[sdk=iphoneos*]" = "iPhone Developer";
				COPY_PHASE_STRIP = NO;
				DEBUG_INFORMATION_FORMAT = "dwarf-with-dsym";
				ENABLE_STRICT_OBJC_MSGSEND = YES;
				GCC_C_LANGUAGE_STANDARD = gnu99;
				GCC_DYNAMIC_NO_PIC = NO;
				GCC_NO_COMMON_BLOCKS = YES;
				GCC_OPTIMIZATION_LEVEL = 0;
				GCC_PREPROCESSOR_DEFINITIONS = (
					"DEBUG=1",
					"$(inherited)",
				);
				GCC_SYMBOLS_PRIVATE_EXTERN = NO;
				GCC_WARN_64_TO_32_BIT_CONVERSION = YES;
				GCC_WARN_ABOUT_RETURN_TYPE = YES_ERROR;
				GCC_WARN_UNDECLARED_SELECTOR = YES;
				GCC_WARN_UNINITIALIZED_AUTOS = YES_AGGRESSIVE;
				GCC_WARN_UNUSED_FUNCTION = YES;
				GCC_WARN_UNUSED_VARIABLE = YES;
				IPHONEOS_DEPLOYMENT_TARGET = 8.3;
				MTL_ENABLE_DEBUG_INFO = YES;
				ONLY_ACTIVE_ARCH = YES;
				SDKROOT = iphoneos;
			};
			name = Debug;
		};
		B56BBAA31B08144E00E4572E /* Release */ = {
			isa = XCBuildConfiguration;
			buildSettings = {
				ALWAYS_SEARCH_USER_PATHS = NO;
				CLANG_CXX_LANGUAGE_STANDARD = "gnu++0x";
				CLANG_CXX_LIBRARY = "libc++";
				CLANG_ENABLE_MODULES = YES;
				CLANG_ENABLE_OBJC_ARC = YES;
				CLANG_WARN_BOOL_CONVERSION = YES;
				CLANG_WARN_CONSTANT_CONVERSION = YES;
				CLANG_WARN_DIRECT_OBJC_ISA_USAGE = YES_ERROR;
				CLANG_WARN_EMPTY_BODY = YES;
				CLANG_WARN_ENUM_CONVERSION = YES;
				CLANG_WARN_INT_CONVERSION = YES;
				CLANG_WARN_OBJC_ROOT_CLASS = YES_ERROR;
				CLANG_WARN_UNREACHABLE_CODE = YES;
				CLANG_WARN__DUPLICATE_METHOD_MATCH = YES;
				"CODE_SIGN_IDENTITY[sdk=iphoneos*]" = "iPhone Developer";
				COPY_PHASE_STRIP = NO;
				DEBUG_INFORMATION_FORMAT = "dwarf-with-dsym";
				ENABLE_NS_ASSERTIONS = NO;
				ENABLE_STRICT_OBJC_MSGSEND = YES;
				GCC_C_LANGUAGE_STANDARD = gnu99;
				GCC_NO_COMMON_BLOCKS = YES;
				GCC_WARN_64_TO_32_BIT_CONVERSION = YES;
				GCC_WARN_ABOUT_RETURN_TYPE = YES_ERROR;
				GCC_WARN_UNDECLARED_SELECTOR = YES;
				GCC_WARN_UNINITIALIZED_AUTOS = YES_AGGRESSIVE;
				GCC_WARN_UNUSED_FUNCTION = YES;
				GCC_WARN_UNUSED_VARIABLE = YES;
				IPHONEOS_DEPLOYMENT_TARGET = 8.3;
				MTL_ENABLE_DEBUG_INFO = NO;
				SDKROOT = iphoneos;
				VALIDATE_PRODUCT = YES;
			};
			name = Release;
		};
		B56BBAA51B08144E00E4572E /* Debug */ = {
			isa = XCBuildConfiguration;
			buildSettings = {
				ASSETCATALOG_COMPILER_APPICON_NAME = AppIcon;
				INFOPLIST_FILE = infs3202Example1/Info.plist;
				LD_RUNPATH_SEARCH_PATHS = "$(inherited) @executable_path/Frameworks";
				PRODUCT_NAME = "$(TARGET_NAME)";
			};
			name = Debug;
		};
		B56BBAA61B08144E00E4572E /* Release */ = {
			isa = XCBuildConfiguration;
			buildSettings = {
				ASSETCATALOG_COMPILER_APPICON_NAME = AppIcon;
				INFOPLIST_FILE = infs3202Example1/Info.plist;
				LD_RUNPATH_SEARCH_PATHS = "$(inherited) @executable_path/Frameworks";
				PRODUCT_NAME = "$(TARGET_NAME)";
			};
			name = Release;
		};
		B56BBAA81B08144E00E4572E /* Debug */ = {
			isa = XCBuildConfiguration;
			buildSettings = {
				BUNDLE_LOADER = "$(TEST_HOST)";
				FRAMEWORK_SEARCH_PATHS = (
					"$(SDKROOT)/Developer/Library/Frameworks",
					"$(inherited)",
				);
				GCC_PREPROCESSOR_DEFINITIONS = (
					"DEBUG=1",
					"$(inherited)",
				);
				INFOPLIST_FILE = infs3202Example1Tests/Info.plist;
				LD_RUNPATH_SEARCH_PATHS = "$(inherited) @executable_path/Frameworks @loader_path/Frameworks";
				PRODUCT_NAME = "$(TARGET_NAME)";
				TEST_HOST = "$(BUILT_PRODUCTS_DIR)/infs3202Example1.app/infs3202Example1";
			};
			name = Debug;
		};
		B56BBAA91B08144E00E4572E /* Release */ = {
			isa = XCBuildConfiguration;
			buildSettings = {
				BUNDLE_LOADER = "$(TEST_HOST)";
				FRAMEWORK_SEARCH_PATHS = (
					"$(SDKROOT)/Developer/Library/Frameworks",
					"$(inherited)",
				);
				INFOPLIST_FILE = infs3202Example1Tests/Info.plist;
				LD_RUNPATH_SEARCH_PATHS = "$(inherited) @executable_path/Frameworks @loader_path/Frameworks";
				PRODUCT_NAME = "$(TARGET_NAME)";
				TEST_HOST = "$(BUILT_PRODUCTS_DIR)/infs3202Example1.app/infs3202Example1";
			};
			name = Release;
		};
/* End XCBuildConfiguration section */

/* Begin XCConfigurationList section */
		B56BBA791B08144D00E4572E /* Build configuration list for PBXProject "infs3202Example1" */ = {
			isa = XCConfigurationList;
			buildConfigurations = (
				B56BBAA21B08144E00E4572E /* Debug */,
				B56BBAA31B08144E00E4572E /* Release */,
			);
			defaultConfigurationIsVisible = 0;
			defaultConfigurationName = Release;
		};
		B56BBAA41B08144E00E4572E /* Build configuration list for PBXNativeTarget "infs3202Example1" */ = {
			isa = XCConfigurationList;
			buildConfigurations = (
				B56BBAA51B08144E00E4572E /* Debug */,
				B56BBAA61B08144E00E4572E /* Release */,
			);
			defaultConfigurationIsVisible = 0;
			defaultConfigurationName = Release;
		};
		B56BBAA71B08144E00E4572E /* Build configuration list for PBXNativeTarget "infs3202Example1Tests" */ = {
			isa = XCConfigurationList;
			buildConfigurations = (
				B56BBAA81B08144E00E4572E /* Debug */,
				B56BBAA91B08144E00E4572E /* Release */,
			);
			defaultConfigurationIsVisible = 0;
			defaultConfigurationName = Release;
		};
/* End XCConfigurationList section */

/* Begin XCVersionGroup section */
		B56BBA881B08144E00E4572E /* infs3202Example1.xcdatamodeld */ = {
			isa = XCVersionGroup;
			children = (
				B56BBA891B08144E00E4572E /* infs3202Example1.xcdatamodel */,
			);
			currentVersion = B56BBA891B08144E00E4572E /* infs3202Example1.xcdatamodel */;
			path = infs3202Example1.xcdatamodeld;
			sourceTree = "<group>";
			versionGroupType = wrapper.xcdatamodel;
		};
/* End XCVersionGroup section */
	};
	rootObject = B56BBA761B08144D00E4572E /* Project object */;
}
